// !$*UTF8*$!
{
	archiveVersion = 1;
	classes = {
	};
	objectVersion = 48;
	objects = {

/* Begin PBXBuildFile section */
		4C7B5C5CD27D286F11E3F503 /* Pods_ToDoList.framework in Frameworks */ = {isa = PBXBuildFile; fileRef = 203D931E27A1706F7A44CB6C /* Pods_ToDoList.framework */; };
		EAD4A9871FF97A990098A1F2 /* AppDelegate.swift in Sources */ = {isa = PBXBuildFile; fileRef = EAD4A9861FF97A990098A1F2 /* AppDelegate.swift */; };
		EAD4A9891FF97A990098A1F2 /* TodoListViewController.swift in Sources */ = {isa = PBXBuildFile; fileRef = EAD4A9881FF97A990098A1F2 /* TodoListViewController.swift */; };
		EAD4A98C1FF97A990098A1F2 /* Main.storyboard in Resources */ = {isa = PBXBuildFile; fileRef = EAD4A98A1FF97A990098A1F2 /* Main.storyboard */; };
		EAD4A98E1FF97A990098A1F2 /* Assets.xcassets in Resources */ = {isa = PBXBuildFile; fileRef = EAD4A98D1FF97A990098A1F2 /* Assets.xcassets */; };
		EAD4A9911FF97A990098A1F2 /* LaunchScreen.storyboard in Resources */ = {isa = PBXBuildFile; fileRef = EAD4A98F1FF97A990098A1F2 /* LaunchScreen.storyboard */; };
		EAD4A9A0200E92BC0098A1F2 /* DataModel.xcdatamodeld in Sources */ = {isa = PBXBuildFile; fileRef = EAD4A99E200E92BC0098A1F2 /* DataModel.xcdatamodeld */; };
		EAFE5A1D2011296700A9F268 /* CategoryTableViewController.swift in Sources */ = {isa = PBXBuildFile; fileRef = EAFE5A1C2011296700A9F268 /* CategoryTableViewController.swift */; };
/* End PBXBuildFile section */

/* Begin PBXFileReference section */
		203D931E27A1706F7A44CB6C /* Pods_ToDoList.framework */ = {isa = PBXFileReference; explicitFileType = wrapper.framework; includeInIndex = 0; path = Pods_ToDoList.framework; sourceTree = BUILT_PRODUCTS_DIR; };
		DA7E0D671A4F8E81C837E462 /* Pods-ToDoList.debug.xcconfig */ = {isa = PBXFileReference; includeInIndex = 1; lastKnownFileType = text.xcconfig; name = "Pods-ToDoList.debug.xcconfig"; path = "Pods/Target Support Files/Pods-ToDoList/Pods-ToDoList.debug.xcconfig"; sourceTree = "<group>"; };
		EAD4A9831FF97A990098A1F2 /* ToDoList.app */ = {isa = PBXFileReference; explicitFileType = wrapper.application; includeInIndex = 0; path = ToDoList.app; sourceTree = BUILT_PRODUCTS_DIR; };
		EAD4A9861FF97A990098A1F2 /* AppDelegate.swift */ = {isa = PBXFileReference; lastKnownFileType = sourcecode.swift; path = AppDelegate.swift; sourceTree = "<group>"; };
		EAD4A9881FF97A990098A1F2 /* TodoListViewController.swift */ = {isa = PBXFileReference; lastKnownFileType = sourcecode.swift; path = TodoListViewController.swift; sourceTree = "<group>"; };
		EAD4A98B1FF97A990098A1F2 /* Base */ = {isa = PBXFileReference; lastKnownFileType = file.storyboard; name = Base; path = Base.lproj/Main.storyboard; sourceTree = "<group>"; };
		EAD4A98D1FF97A990098A1F2 /* Assets.xcassets */ = {isa = PBXFileReference; lastKnownFileType = folder.assetcatalog; path = Assets.xcassets; sourceTree = "<group>"; };
		EAD4A9901FF97A990098A1F2 /* Base */ = {isa = PBXFileReference; lastKnownFileType = file.storyboard; name = Base; path = Base.lproj/LaunchScreen.storyboard; sourceTree = "<group>"; };
		EAD4A9921FF97A990098A1F2 /* Info.plist */ = {isa = PBXFileReference; lastKnownFileType = text.plist.xml; path = Info.plist; sourceTree = "<group>"; };
		EAD4A99F200E92BC0098A1F2 /* DataModel.xcdatamodel */ = {isa = PBXFileReference; lastKnownFileType = wrapper.xcdatamodel; path = DataModel.xcdatamodel; sourceTree = "<group>"; };
		EAFE5A1C2011296700A9F268 /* CategoryTableViewController.swift */ = {isa = PBXFileReference; lastKnownFileType = sourcecode.swift; path = CategoryTableViewController.swift; sourceTree = "<group>"; };
		F6D8F5049851F5F6F0D149C3 /* Pods-ToDoList.release.xcconfig */ = {isa = PBXFileReference; includeInIndex = 1; lastKnownFileType = text.xcconfig; name = "Pods-ToDoList.release.xcconfig"; path = "Pods/Target Support Files/Pods-ToDoList/Pods-ToDoList.release.xcconfig"; sourceTree = "<group>"; };
/* End PBXFileReference section */

/* Begin PBXFrameworksBuildPhase section */
		EAD4A9801FF97A990098A1F2 /* Frameworks */ = {
			isa = PBXFrameworksBuildPhase;
			buildActionMask = 2147483647;
			files = (
				4C7B5C5CD27D286F11E3F503 /* Pods_ToDoList.framework in Frameworks */,
			);
			runOnlyForDeploymentPostprocessing = 0;
		};
/* End PBXFrameworksBuildPhase section */

/* Begin PBXGroup section */
		2F3A655AF6743FF8B4208A10 /* Frameworks */ = {
			isa = PBXGroup;
			children = (
				203D931E27A1706F7A44CB6C /* Pods_ToDoList.framework */,
			);
			name = Frameworks;
			sourceTree = "<group>";
		};
		B9F8AB65FABF6927A9CA848B /* Pods */ = {
			isa = PBXGroup;
			children = (
				DA7E0D671A4F8E81C837E462 /* Pods-ToDoList.debug.xcconfig */,
				F6D8F5049851F5F6F0D149C3 /* Pods-ToDoList.release.xcconfig */,
			);
			name = Pods;
			sourceTree = "<group>";
		};
		EAD4A97A1FF97A990098A1F2 = {
			isa = PBXGroup;
			children = (
				EAD4A9851FF97A990098A1F2 /* ToDoList */,
				EAD4A9841FF97A990098A1F2 /* Products */,
				B9F8AB65FABF6927A9CA848B /* Pods */,
				2F3A655AF6743FF8B4208A10 /* Frameworks */,
			);
			sourceTree = "<group>";
		};
		EAD4A9841FF97A990098A1F2 /* Products */ = {
			isa = PBXGroup;
			children = (
				EAD4A9831FF97A990098A1F2 /* ToDoList.app */,
			);
			name = Products;
			sourceTree = "<group>";
		};
		EAD4A9851FF97A990098A1F2 /* ToDoList */ = {
			isa = PBXGroup;
			children = (
				EAD4A9861FF97A990098A1F2 /* AppDelegate.swift */,
				EAD4A99C200D3B1E0098A1F2 /* Controller */,
				EAD4A99A200D3AE40098A1F2 /* Data Model */,
				EAD4A99B200D3AFD0098A1F2 /* View */,
				EAD4A99D200D3B4A0098A1F2 /* Supporting Files */,
				EAD4A9921FF97A990098A1F2 /* Info.plist */,
			);
			path = ToDoList;
			sourceTree = "<group>";
		};
		EAD4A99A200D3AE40098A1F2 /* Data Model */ = {
			isa = PBXGroup;
			children = (
				EAD4A99E200E92BC0098A1F2 /* DataModel.xcdatamodeld */,
			);
			path = "Data Model";
			sourceTree = "<group>";
		};
		EAD4A99B200D3AFD0098A1F2 /* View */ = {
			isa = PBXGroup;
			children = (
				EAD4A98A1FF97A990098A1F2 /* Main.storyboard */,
			);
			path = View;
			sourceTree = "<group>";
		};
		EAD4A99C200D3B1E0098A1F2 /* Controller */ = {
			isa = PBXGroup;
			children = (
				EAFE5A1C2011296700A9F268 /* CategoryTableViewController.swift */,
				EAD4A9881FF97A990098A1F2 /* TodoListViewController.swift */,
			);
			path = Controller;
			sourceTree = "<group>";
		};
		EAD4A99D200D3B4A0098A1F2 /* Supporting Files */ = {
			isa = PBXGroup;
			children = (
				EAD4A98F1FF97A990098A1F2 /* LaunchScreen.storyboard */,
				EAD4A98D1FF97A990098A1F2 /* Assets.xcassets */,
			);
			path = "Supporting Files";
			sourceTree = "<group>";
		};
/* End PBXGroup section */

/* Begin PBXNativeTarget section */
		EAD4A9821FF97A990098A1F2 /* ToDoList */ = {
			isa = PBXNativeTarget;
			buildConfigurationList = EAD4A9951FF97A990098A1F2 /* Build configuration list for PBXNativeTarget "ToDoList" */;
			buildPhases = (
				10B1B62432939C11EFC9E7F4 /* [CP] Check Pods Manifest.lock */,
				EAD4A97F1FF97A990098A1F2 /* Sources */,
				EAD4A9801FF97A990098A1F2 /* Frameworks */,
				EAD4A9811FF97A990098A1F2 /* Resources */,
				C775D6AC132421D53776847C /* [CP] Embed Pods Frameworks */,
				355418A572B63C0243B8E4FD /* [CP] Copy Pods Resources */,
			);
			buildRules = (
			);
			dependencies = (
			);
			name = ToDoList;
			productName = ToDoList;
			productReference = EAD4A9831FF97A990098A1F2 /* ToDoList.app */;
			productType = "com.apple.product-type.application";
		};
/* End PBXNativeTarget section */

/* Begin PBXProject section */
		EAD4A97B1FF97A990098A1F2 /* Project object */ = {
			isa = PBXProject;
			attributes = {
				LastSwiftUpdateCheck = 0910;
				LastUpgradeCheck = 0910;
				ORGANIZATIONNAME = "Hongbo Niu";
				TargetAttributes = {
					EAD4A9821FF97A990098A1F2 = {
						CreatedOnToolsVersion = 9.1;
						ProvisioningStyle = Automatic;
					};
				};
			};
			buildConfigurationList = EAD4A97E1FF97A990098A1F2 /* Build configuration list for PBXProject "ToDoList" */;
			compatibilityVersion = "Xcode 8.0";
			developmentRegion = en;
			hasScannedForEncodings = 0;
			knownRegions = (
				en,
				Base,
			);
			mainGroup = EAD4A97A1FF97A990098A1F2;
			productRefGroup = EAD4A9841FF97A990098A1F2 /* Products */;
			projectDirPath = "";
			projectRoot = "";
			targets = (
				EAD4A9821FF97A990098A1F2 /* ToDoList */,
			);
		};
/* End PBXProject section */

/* Begin PBXResourcesBuildPhase section */
		EAD4A9811FF97A990098A1F2 /* Resources */ = {
			isa = PBXResourcesBuildPhase;
			buildActionMask = 2147483647;
			files = (
				EAD4A9911FF97A990098A1F2 /* LaunchScreen.storyboard in Resources */,
				EAD4A98E1FF97A990098A1F2 /* Assets.xcassets in Resources */,
				EAD4A98C1FF97A990098A1F2 /* Main.storyboard in Resources */,
			);
			runOnlyForDeploymentPostprocessing = 0;
		};
/* End PBXResourcesBuildPhase section */

/* Begin PBXShellScriptBuildPhase section */
		10B1B62432939C11EFC9E7F4 /* [CP] Check Pods Manifest.lock */ = {
			isa = PBXShellScriptBuildPhase;
			buildActionMask = 2147483647;
			files = (
			);
			inputPaths = (
				"${PODS_PODFILE_DIR_PATH}/Podfile.lock",
				"${PODS_ROOT}/Manifest.lock",
			);
			name = "[CP] Check Pods Manifest.lock";
			outputPaths = (
				"$(DERIVED_FILE_DIR)/Pods-ToDoList-checkManifestLockResult.txt",
			);
			runOnlyForDeploymentPostprocessing = 0;
			shellPath = /bin/sh;
			shellScript = "diff \"${PODS_PODFILE_DIR_PATH}/Podfile.lock\" \"${PODS_ROOT}/Manifest.lock\" > /dev/null\nif [ $? != 0 ] ; then\n    # print error to STDERR\n    echo \"error: The sandbox is not in sync with the Podfile.lock. Run 'pod install' or update your CocoaPods installation.\" >&2\n    exit 1\nfi\n# This output is used by Xcode 'outputs' to avoid re-running this script phase.\necho \"SUCCESS\" > \"${SCRIPT_OUTPUT_FILE_0}\"\n";
			showEnvVarsInLog = 0;
		};
		355418A572B63C0243B8E4FD /* [CP] Copy Pods Resources */ = {
			isa = PBXShellScriptBuildPhase;
			buildActionMask = 2147483647;
			files = (
			);
			inputPaths = (
			);
			name = "[CP] Copy Pods Resources";
			outputPaths = (
			);
			runOnlyForDeploymentPostprocessing = 0;
			shellPath = /bin/sh;
			shellScript = "\"${SRCROOT}/Pods/Target Support Files/Pods-ToDoList/Pods-ToDoList-resources.sh\"\n";
			showEnvVarsInLog = 0;
		};
		C775D6AC132421D53776847C /* [CP] Embed Pods Frameworks */ = {
			isa = PBXShellScriptBuildPhase;
			buildActionMask = 2147483647;
			files = (
			);
			inputPaths = (
				"${SRCROOT}/Pods/Target Support Files/Pods-ToDoList/Pods-ToDoList-frameworks.sh",
				"${BUILT_PRODUCTS_DIR}/Realm/Realm.framework",
				"${BUILT_PRODUCTS_DIR}/RealmSwift/RealmSwift.framework",
			);
			name = "[CP] Embed Pods Frameworks";
			outputPaths = (
				"${TARGET_BUILD_DIR}/${FRAMEWORKS_FOLDER_PATH}/Realm.framework",
				"${TARGET_BUILD_DIR}/${FRAMEWORKS_FOLDER_PATH}/RealmSwift.framework",
			);
			runOnlyForDeploymentPostprocessing = 0;
			shellPath = /bin/sh;
			shellScript = "\"${SRCROOT}/Pods/Target Support Files/Pods-ToDoList/Pods-ToDoList-frameworks.sh\"\n";
			showEnvVarsInLog = 0;
		};
/* End PBXShellScriptBuildPhase section */

/* Begin PBXSourcesBuildPhase section */
		EAD4A97F1FF97A990098A1F2 /* Sources */ = {
			isa = PBXSourcesBuildPhase;
			buildActionMask = 2147483647;
			files = (
				EAD4A9891FF97A990098A1F2 /* TodoListViewController.swift in Sources */,
				EAD4A9A0200E92BC0098A1F2 /* DataModel.xcdatamodeld in Sources */,
				EAD4A9871FF97A990098A1F2 /* AppDelegate.swift in Sources */,
				EAFE5A1D2011296700A9F268 /* CategoryTableViewController.swift in Sources */,
			);
			runOnlyForDeploymentPostprocessing = 0;
		};
/* End PBXSourcesBuildPhase section */

/* Begin PBXVariantGroup section */
		EAD4A98A1FF97A990098A1F2 /* Main.storyboard */ = {
			isa = PBXVariantGroup;
			children = (
				EAD4A98B1FF97A990098A1F2 /* Base */,
			);
			name = Main.storyboard;
			sourceTree = "<group>";
		};
		EAD4A98F1FF97A990098A1F2 /* LaunchScreen.storyboard */ = {
			isa = PBXVariantGroup;
			children = (
				EAD4A9901FF97A990098A1F2 /* Base */,
			);
			name = LaunchScreen.storyboard;
			sourceTree = "<group>";
		};
/* End PBXVariantGroup section */

/* Begin XCBuildConfiguration section */
		EAD4A9931FF97A990098A1F2 /* Debug */ = {
			isa = XCBuildConfiguration;
			buildSettings = {
				ALWAYS_SEARCH_USER_PATHS = NO;
				CLANG_ANALYZER_NONNULL = YES;
				CLANG_ANALYZER_NUMBER_OBJECT_CONVERSION = YES_AGGRESSIVE;
				CLANG_CXX_LANGUAGE_STANDARD = "gnu++14";
				CLANG_CXX_LIBRARY = "libc++";
				CLANG_ENABLE_MODULES = YES;
				CLANG_ENABLE_OBJC_ARC = YES;
				CLANG_WARN_BLOCK_CAPTURE_AUTORELEASING = YES;
				CLANG_WARN_BOOL_CONVERSION = YES;
				CLANG_WARN_COMMA = YES;
				CLANG_WARN_CONSTANT_CONVERSION = YES;
				CLANG_WARN_DIRECT_OBJC_ISA_USAGE = YES_ERROR;
				CLANG_WARN_DOCUMENTATION_COMMENTS = YES;
				CLANG_WARN_EMPTY_BODY = YES;
				CLANG_WARN_ENUM_CONVERSION = YES;
				CLANG_WARN_INFINITE_RECURSION = YES;
				CLANG_WARN_INT_CONVERSION = YES;
				CLANG_WARN_NON_LITERAL_NULL_CONVERSION = YES;
				CLANG_WARN_OBJC_LITERAL_CONVERSION = YES;
				CLANG_WARN_OBJC_ROOT_CLASS = YES_ERROR;
				CLANG_WARN_RANGE_LOOP_ANALYSIS = YES;
				CLANG_WARN_STRICT_PROTOTYPES = YES;
				CLANG_WARN_SUSPICIOUS_MOVE = YES;
				CLANG_WARN_UNGUARDED_AVAILABILITY = YES_AGGRESSIVE;
				CLANG_WARN_UNREACHABLE_CODE = YES;
				CLANG_WARN__DUPLICATE_METHOD_MATCH = YES;
				CODE_SIGN_IDENTITY = "iPhone Developer";
				COPY_PHASE_STRIP = NO;
				DEBUG_INFORMATION_FORMAT = dwarf;
				ENABLE_STRICT_OBJC_MSGSEND = YES;
				ENABLE_TESTABILITY = YES;
				GCC_C_LANGUAGE_STANDARD = gnu11;
				GCC_DYNAMIC_NO_PIC = NO;
				GCC_NO_COMMON_BLOCKS = YES;
				GCC_OPTIMIZATION_LEVEL = 0;
				GCC_PREPROCESSOR_DEFINITIONS = (
					"DEBUG=1",
					"$(inherited)",
				);
				GCC_WARN_64_TO_32_BIT_CONVERSION = YES;
				GCC_WARN_ABOUT_RETURN_TYPE = YES_ERROR;
				GCC_WARN_UNDECLARED_SELECTOR = YES;
				GCC_WARN_UNINITIALIZED_AUTOS = YES_AGGRESSIVE;
				GCC_WARN_UNUSED_FUNCTION = YES;
				GCC_WARN_UNUSED_VARIABLE = YES;
				IPHONEOS_DEPLOYMENT_TARGET = 11.1;
				MTL_ENABLE_DEBUG_INFO = YES;
				ONLY_ACTIVE_ARCH = YES;
				SDKROOT = iphoneos;
				SWIFT_ACTIVE_COMPILATION_CONDITIONS = DEBUG;
				SWIFT_OPTIMIZATION_LEVEL = "-Onone";
			};
			name = Debug;
		};
		EAD4A9941FF97A990098A1F2 /* Release */ = {
			isa = XCBuildConfiguration;
			buildSettings = {
				ALWAYS_SEARCH_USER_PATHS = NO;
				CLANG_ANALYZER_NONNULL = YES;
				CLANG_ANALYZER_NUMBER_OBJECT_CONVERSION = YES_AGGRESSIVE;
				CLANG_CXX_LANGUAGE_STANDARD = "gnu++14";
				CLANG_CXX_LIBRARY = "libc++";
				CLANG_ENABLE_MODULES = YES;
				CLANG_ENABLE_OBJC_ARC = YES;
				CLANG_WARN_BLOCK_CAPTURE_AUTORELEASING = YES;
				CLANG_WARN_BOOL_CONVERSION = YES;
				CLANG_WARN_COMMA = YES;
				CLANG_WARN_CONSTANT_CONVERSION = YES;
				CLANG_WARN_DIRECT_OBJC_ISA_USAGE = YES_ERROR;
				CLANG_WARN_DOCUMENTATION_COMMENTS = YES;
				CLANG_WARN_EMPTY_BODY = YES;
				CLANG_WARN_ENUM_CONVERSION = YES;
				CLANG_WARN_INFINITE_RECURSION = YES;
				CLANG_WARN_INT_CONVERSION = YES;
				CLANG_WARN_NON_LITERAL_NULL_CONVERSION = YES;
				CLANG_WARN_OBJC_LITERAL_CONVERSION = YES;
				CLANG_WARN_OBJC_ROOT_CLASS = YES_ERROR;
				CLANG_WARN_RANGE_LOOP_ANALYSIS = YES;
				CLANG_WARN_STRICT_PROTOTYPES = YES;
				CLANG_WARN_SUSPICIOUS_MOVE = YES;
				CLANG_WARN_UNGUARDED_AVAILABILITY = YES_AGGRESSIVE;
				CLANG_WARN_UNREACHABLE_CODE = YES;
				CLANG_WARN__DUPLICATE_METHOD_MATCH = YES;
				CODE_SIGN_IDENTITY = "iPhone Developer";
				COPY_PHASE_STRIP = NO;
				DEBUG_INFORMATION_FORMAT = "dwarf-with-dsym";
				ENABLE_NS_ASSERTIONS = NO;
				ENABLE_STRICT_OBJC_MSGSEND = YES;
				GCC_C_LANGUAGE_STANDARD = gnu11;
				GCC_NO_COMMON_BLOCKS = YES;
				GCC_WARN_64_TO_32_BIT_CONVERSION = YES;
				GCC_WARN_ABOUT_RETURN_TYPE = YES_ERROR;
				GCC_WARN_UNDECLARED_SELECTOR = YES;
				GCC_WARN_UNINITIALIZED_AUTOS = YES_AGGRESSIVE;
				GCC_WARN_UNUSED_FUNCTION = YES;
				GCC_WARN_UNUSED_VARIABLE = YES;
				IPHONEOS_DEPLOYMENT_TARGET = 11.1;
				MTL_ENABLE_DEBUG_INFO = NO;
				SDKROOT = iphoneos;
				SWIFT_OPTIMIZATION_LEVEL = "-Owholemodule";
				VALIDATE_PRODUCT = YES;
			};
			name = Release;
		};
		EAD4A9961FF97A990098A1F2 /* Debug */ = {
			isa = XCBuildConfiguration;
			baseConfigurationReference = DA7E0D671A4F8E81C837E462 /* Pods-ToDoList.debug.xcconfig */;
			buildSettings = {
				ASSETCATALOG_COMPILER_APPICON_NAME = AppIcon;
				CODE_SIGN_STYLE = Automatic;
				DEVELOPMENT_TEAM = KG5538YDGJ;
				INFOPLIST_FILE = ToDoList/Info.plist;
				LD_RUNPATH_SEARCH_PATHS = "$(inherited) @executable_path/Frameworks";
				PRODUCT_BUNDLE_IDENTIFIER = com.xiaoweichen.ToDoList;
				PRODUCT_NAME = "$(TARGET_NAME)";
				SWIFT_VERSION = 4.0;
				TARGETED_DEVICE_FAMILY = "1,2";
			};
			name = Debug;
		};
		EAD4A9971FF97A990098A1F2 /* Release */ = {
			isa = XCBuildConfiguration;
			baseConfigurationReference = F6D8F5049851F5F6F0D149C3 /* Pods-ToDoList.release.xcconfig */;
			buildSettings = {
				ASSETCATALOG_COMPILER_APPICON_NAME = AppIcon;
				CODE_SIGN_STYLE = Automatic;
				DEVELOPMENT_TEAM = KG5538YDGJ;
				INFOPLIST_FILE = ToDoList/Info.plist;
				LD_RUNPATH_SEARCH_PATHS = "$(inherited) @executable_path/Frameworks";
				PRODUCT_BUNDLE_IDENTIFIER = com.xiaoweichen.ToDoList;
				PRODUCT_NAME = "$(TARGET_NAME)";
				SWIFT_VERSION = 4.0;
				TARGETED_DEVICE_FAMILY = "1,2";
			};
			name = Release;
		};
/* End XCBuildConfiguration section */

/* Begin XCConfigurationList section */
		EAD4A97E1FF97A990098A1F2 /* Build configuration list for PBXProject "ToDoList" */ = {
			isa = XCConfigurationList;
			buildConfigurations = (
				EAD4A9931FF97A990098A1F2 /* Debug */,
				EAD4A9941FF97A990098A1F2 /* Release */,
			);
			defaultConfigurationIsVisible = 0;
			defaultConfigurationName = Release;
		};
		EAD4A9951FF97A990098A1F2 /* Build configuration list for PBXNativeTarget "ToDoList" */ = {
			isa = XCConfigurationList;
			buildConfigurations = (
				EAD4A9961FF97A990098A1F2 /* Debug */,
				EAD4A9971FF97A990098A1F2 /* Release */,
			);
			defaultConfigurationIsVisible = 0;
			defaultConfigurationName = Release;
		};
/* End XCConfigurationList section */

/* Begin XCVersionGroup section */
		EAD4A99E200E92BC0098A1F2 /* DataModel.xcdatamodeld */ = {
			isa = XCVersionGroup;
			children = (
				EAD4A99F200E92BC0098A1F2 /* DataModel.xcdatamodel */,
			);
			currentVersion = EAD4A99F200E92BC0098A1F2 /* DataModel.xcdatamodel */;
			path = DataModel.xcdatamodeld;
			sourceTree = "<group>";
			versionGroupType = wrapper.xcdatamodel;
		};
/* End XCVersionGroup section */
	};
	rootObject = EAD4A97B1FF97A990098A1F2 /* Project object */;
}
